
Microsoft Visual Studio Solution File, Format Version 12.00
# Visual Studio Version 16
VisualStudioVersion = 16.0.33214.272
MinimumVisualStudioVersion = 10.0.40219.1
Project("{FAE04EC0-301F-11D3-BF4B-00C04F79EFBC}") = "pract14", "pract14\pract14.csproj", "{64372B6C-28DD-45C2-BDEA-814A0210005C}"
EndProject
Global
	GlobalSection(SolutionConfigurationPlatforms) = preSolution
		Debug|Any CPU = Debug|Any CPU
		Release|Any CPU = Release|Any CPU
	EndGlobalSection
	GlobalSection(ProjectConfigurationPlatforms) = postSolution
		{64372B6C-28DD-45C2-BDEA-814A0210005C}.Debug|Any CPU.ActiveCfg = Debug|Any CPU
		{64372B6C-28DD-45C2-BDEA-814A0210005C}.Debug|Any CPU.Build.0 = Debug|Any CPU
		{64372B6C-28DD-45C2-BDEA-814A0210005C}.Release|Any CPU.ActiveCfg = Release|Any CPU
		{64372B6C-28DD-45C2-BDEA-814A0210005C}.Release|Any CPU.Build.0 = Release|Any CPU
	EndGlobalSection
	GlobalSection(SolutionProperties) = preSolution
		HideSolutionNode = FALSE
	EndGlobalSection
	GlobalSection(ExtensibilityGlobals) = postSolution
		SolutionGuid = {70930FD3-BA31-4335-94FF-8F17FFC4DDBC}
	EndGlobalSection
EndGlobal
